# This file was autogenerated by Stack.
# You should not edit this file by hand.
# For more information, please see the documentation at:
#   https://docs.haskellstack.org/en/stable/lock_files

packages:
- completed:
    hackage: extensible-effects-5.0.0.1@sha256:2ed0bee04c8bf334358147da6d92ff31e9fbbefceb75ef3e408a0d858aec0cc6,9013
    pantry-tree:
      size: 3306
      sha256: 4c520f1ccb76ed1d304cb5967e6679e31c907d3c0ba5d7e4a459e827b9a08173
  original:
    hackage: extensible-effects-5.0.0.1
snapshots:
- completed:
    size: 496647
    url: https://raw.githubusercontent.com/commercialhaskell/stackage-snapshots/master/lts/13/13.yaml
    sha256: 9b6d3d0574b5059b411f64730960ad994df84e1cfe33b1931bf5fa2eafb1ff91
  original: lts-13.13
